
Microsoft Visual Studio Solution File, Format Version 12.00
# Visual Studio Version 16
VisualStudioVersion = 16.0.30717.126
MinimumVisualStudioVersion = 10.0.40219.1
Project("{FAE04EC0-301F-11D3-BF4B-00C04F79EFBC}") = "zoom-custom-ui-wpf", "zoom-custom-ui-wpf.csproj", "{F5E18ABB-81EC-4B52-BCAD-641F680C0BE0}"
EndProject
Global
	GlobalSection(SolutionConfigurationPlatforms) = preSolution
		Debug|Any CPU = Debug|Any CPU
		Release|Any CPU = Release|Any CPU
	EndGlobalSection
	GlobalSection(ProjectConfigurationPlatforms) = postSolution
		{F5E18ABB-81EC-4B52-BCAD-641F680C0BE0}.Debug|Any CPU.ActiveCfg = Debug|Any CPU
		{F5E18ABB-81EC-4B52-BCAD-641F680C0BE0}.Debug|Any CPU.Build.0 = Debug|Any CPU
		{F5E18ABB-81EC-4B52-BCAD-641F680C0BE0}.Release|Any CPU.ActiveCfg = Release|Any CPU
		{F5E18ABB-81EC-4B52-BCAD-641F680C0BE0}.Release|Any CPU.Build.0 = Release|Any CPU
	EndGlobalSection
	GlobalSection(SolutionProperties) = preSolution
		HideSolutionNode = FALSE
	EndGlobalSection
	GlobalSection(ExtensibilityGlobals) = postSolution
		SolutionGuid = {1EE32095-C3C6-4143-92D5-4F0F05ACF309}
	EndGlobalSection
EndGlobal
